// !$*UTF8*$!
{
	archiveVersion = 1;
	classes = {
	};
	objectVersion = 55;
	objects = {

/* Begin PBXBuildFile section */
		568139232717D40900E064B0 /* main.cpp in Sources */ = {isa = PBXBuildFile; fileRef = 568139222717D40900E064B0 /* main.cpp */; };
/* End PBXBuildFile section */

/* Begin PBXCopyFilesBuildPhase section */
		5681391D2717D40900E064B0 /* CopyFiles */ = {
			isa = PBXCopyFilesBuildPhase;
			buildActionMask = 2147483647;
			dstPath = /usr/share/man/man1/;
			dstSubfolderSpec = 0;
			files = (
			);
			runOnlyForDeploymentPostprocessing = 1;
		};
/* End PBXCopyFilesBuildPhase section */

/* Begin PBXFileReference section */
		5681391F2717D40900E064B0 /* eigen-sandbox */ = {isa = PBXFileReference; explicitFileType = "compiled.mach-o.executable"; includeInIndex = 0; path = "eigen-sandbox"; sourceTree = BUILT_PRODUCTS_DIR; };
		568139222717D40900E064B0 /* main.cpp */ = {isa = PBXFileReference; lastKnownFileType = sourcecode.cpp.cpp; path = main.cpp; sourceTree = "<group>"; };
		568139292717D9F500E064B0 /* ci */ = {isa = PBXFileReference; lastKnownFileType = folder; path = ci; sourceTree = "<group>"; };
		5681392A2717D9F500E064B0 /* signature_of_eigen3_matrix_library */ = {isa = PBXFileReference; fileEncoding = 4; lastKnownFileType = text; path = signature_of_eigen3_matrix_library; sourceTree = "<group>"; };
		5681392B2717D9F500E064B0 /* README.md */ = {isa = PBXFileReference; fileEncoding = 4; lastKnownFileType = net.daringfireball.markdown; path = README.md; sourceTree = "<group>"; };
		5681392C2717D9F500E064B0 /* COPYING.README */ = {isa = PBXFileReference; fileEncoding = 4; lastKnownFileType = text; path = COPYING.README; sourceTree = "<group>"; };
		5681392D2717D9F500E064B0 /* bench */ = {isa = PBXFileReference; lastKnownFileType = folder; path = bench; sourceTree = "<group>"; };
		5681392E2717D9F500E064B0 /* test */ = {isa = PBXFileReference; lastKnownFileType = folder; path = test; sourceTree = "<group>"; };
		5681392F2717D9F500E064B0 /* CTestConfig.cmake */ = {isa = PBXFileReference; fileEncoding = 4; lastKnownFileType = text; path = CTestConfig.cmake; sourceTree = "<group>"; };
		568139302717D9F500E064B0 /* COPYING.LGPL */ = {isa = PBXFileReference; fileEncoding = 4; lastKnownFileType = text; path = COPYING.LGPL; sourceTree = "<group>"; };
		568139312717D9F500E064B0 /* blas */ = {isa = PBXFileReference; lastKnownFileType = folder; path = blas; sourceTree = "<group>"; };
		568139322717D9F500E064B0 /* demos */ = {isa = PBXFileReference; lastKnownFileType = folder; path = demos; sourceTree = "<group>"; };
		568139332717D9F500E064B0 /* COPYING.APACHE */ = {isa = PBXFileReference; fileEncoding = 4; lastKnownFileType = text; path = COPYING.APACHE; sourceTree = "<group>"; };
		568139342717D9F500E064B0 /* COPYING.MINPACK */ = {isa = PBXFileReference; fileEncoding = 4; lastKnownFileType = text; path = COPYING.MINPACK; sourceTree = "<group>"; };
		568139352717D9F500E064B0 /* Eigen */ = {isa = PBXFileReference; lastKnownFileType = folder; path = Eigen; sourceTree = "<group>"; };
		568139362717D9F500E064B0 /* failtest */ = {isa = PBXFileReference; lastKnownFileType = folder; path = failtest; sourceTree = "<group>"; };
		568139372717D9F500E064B0 /* lapack */ = {isa = PBXFileReference; lastKnownFileType = folder; path = lapack; sourceTree = "<group>"; };
		568139382717D9F500E064B0 /* INSTALL */ = {isa = PBXFileReference; fileEncoding = 4; lastKnownFileType = text; path = INSTALL; sourceTree = "<group>"; };
		568139392717D9F500E064B0 /* build */ = {isa = PBXFileReference; lastKnownFileType = folder; path = build; sourceTree = "<group>"; };
		5681393A2717D9F500E064B0 /* cmake */ = {isa = PBXFileReference; lastKnownFileType = folder; path = cmake; sourceTree = "<group>"; };
		5681393B2717D9F500E064B0 /* doc */ = {isa = PBXFileReference; lastKnownFileType = folder; path = doc; sourceTree = "<group>"; };
		5681393C2717D9F500E064B0 /* COPYING.BSD */ = {isa = PBXFileReference; fileEncoding = 4; lastKnownFileType = text; path = COPYING.BSD; sourceTree = "<group>"; };
		5681393D2717D9F600E064B0 /* COPYING.GPL */ = {isa = PBXFileReference; fileEncoding = 4; lastKnownFileType = text; path = COPYING.GPL; sourceTree = "<group>"; };
		5681393E2717D9F600E064B0 /* scripts */ = {isa = PBXFileReference; lastKnownFileType = folder; path = scripts; sourceTree = "<group>"; };
		5681393F2717D9F700E064B0 /* unsupported */ = {isa = PBXFileReference; lastKnownFileType = folder; path = unsupported; sourceTree = "<group>"; };
		568139402717D9F700E064B0 /* CMakeLists.txt */ = {isa = PBXFileReference; fileEncoding = 4; lastKnownFileType = text; path = CMakeLists.txt; sourceTree = "<group>"; };
		568139412717D9F700E064B0 /* CTestCustom.cmake.in */ = {isa = PBXFileReference; fileEncoding = 4; lastKnownFileType = text; path = CTestCustom.cmake.in; sourceTree = "<group>"; };
		568139422717D9F700E064B0 /* eigen3.pc.in */ = {isa = PBXFileReference; fileEncoding = 4; lastKnownFileType = text; path = eigen3.pc.in; sourceTree = "<group>"; };
		568139432717D9F700E064B0 /* debug */ = {isa = PBXFileReference; lastKnownFileType = folder; path = debug; sourceTree = "<group>"; };
		568139442717D9F700E064B0 /* COPYING.MPL2 */ = {isa = PBXFileReference; fileEncoding = 4; lastKnownFileType = text; path = COPYING.MPL2; sourceTree = "<group>"; };
/* End PBXFileReference section */

/* Begin PBXFrameworksBuildPhase section */
		5681391C2717D40900E064B0 /* Frameworks */ = {
			isa = PBXFrameworksBuildPhase;
			buildActionMask = 2147483647;
			files = (
			);
			runOnlyForDeploymentPostprocessing = 0;
		};
/* End PBXFrameworksBuildPhase section */

/* Begin PBXGroup section */
		568139162717D40900E064B0 = {
			isa = PBXGroup;
			children = (
				568139212717D40900E064B0 /* eigen-sandbox */,
				568139202717D40900E064B0 /* Products */,
			);
			sourceTree = "<group>";
		};
		568139202717D40900E064B0 /* Products */ = {
			isa = PBXGroup;
			children = (
				5681391F2717D40900E064B0 /* eigen-sandbox */,
			);
			name = Products;
			sourceTree = "<group>";
		};
		568139212717D40900E064B0 /* eigen-sandbox */ = {
			isa = PBXGroup;
			children = (
				5681392D2717D9F500E064B0 /* bench */,
				568139312717D9F500E064B0 /* blas */,
				568139392717D9F500E064B0 /* build */,
				568139292717D9F500E064B0 /* ci */,
				5681393A2717D9F500E064B0 /* cmake */,
				568139402717D9F700E064B0 /* CMakeLists.txt */,
				568139332717D9F500E064B0 /* COPYING.APACHE */,
				5681393C2717D9F500E064B0 /* COPYING.BSD */,
				5681393D2717D9F600E064B0 /* COPYING.GPL */,
				568139302717D9F500E064B0 /* COPYING.LGPL */,
				568139342717D9F500E064B0 /* COPYING.MINPACK */,
				568139442717D9F700E064B0 /* COPYING.MPL2 */,
				5681392C2717D9F500E064B0 /* COPYING.README */,
				5681392F2717D9F500E064B0 /* CTestConfig.cmake */,
				568139412717D9F700E064B0 /* CTestCustom.cmake.in */,
				568139432717D9F700E064B0 /* debug */,
				568139322717D9F500E064B0 /* demos */,
				5681393B2717D9F500E064B0 /* doc */,
				568139352717D9F500E064B0 /* Eigen */,
				568139422717D9F700E064B0 /* eigen3.pc.in */,
				568139362717D9F500E064B0 /* failtest */,
				568139382717D9F500E064B0 /* INSTALL */,
				568139372717D9F500E064B0 /* lapack */,
				5681392B2717D9F500E064B0 /* README.md */,
				5681393E2717D9F600E064B0 /* scripts */,
				5681392A2717D9F500E064B0 /* signature_of_eigen3_matrix_library */,
				5681392E2717D9F500E064B0 /* test */,
				5681393F2717D9F700E064B0 /* unsupported */,
				568139222717D40900E064B0 /* main.cpp */,
			);
			path = "eigen-sandbox";
			sourceTree = "<group>";
		};
/* End PBXGroup section */

/* Begin PBXNativeTarget section */
		5681391E2717D40900E064B0 /* eigen-sandbox */ = {
			isa = PBXNativeTarget;
			buildConfigurationList = 568139262717D40900E064B0 /* Build configuration list for PBXNativeTarget "eigen-sandbox" */;
			buildPhases = (
				5681391B2717D40900E064B0 /* Sources */,
				5681391C2717D40900E064B0 /* Frameworks */,
				5681391D2717D40900E064B0 /* CopyFiles */,
			);
			buildRules = (
			);
			dependencies = (
			);
			name = "eigen-sandbox";
			productName = "eigen-sandbox";
			productReference = 5681391F2717D40900E064B0 /* eigen-sandbox */;
			productType = "com.apple.product-type.tool";
		};
/* End PBXNativeTarget section */

/* Begin PBXProject section */
		568139172717D40900E064B0 /* Project object */ = {
			isa = PBXProject;
			attributes = {
				BuildIndependentTargetsInParallel = 1;
				LastUpgradeCheck = 1300;
				TargetAttributes = {
					5681391E2717D40900E064B0 = {
						CreatedOnToolsVersion = 13.0;
					};
				};
			};
			buildConfigurationList = 5681391A2717D40900E064B0 /* Build configuration list for PBXProject "eigen-sandbox" */;
			compatibilityVersion = "Xcode 13.0";
			developmentRegion = en;
			hasScannedForEncodings = 0;
			knownRegions = (
				en,
				Base,
			);
			mainGroup = 568139162717D40900E064B0;
			productRefGroup = 568139202717D40900E064B0 /* Products */;
			projectDirPath = "";
			projectRoot = "";
			targets = (
				5681391E2717D40900E064B0 /* eigen-sandbox */,
			);
		};
/* End PBXProject section */

/* Begin PBXSourcesBuildPhase section */
		5681391B2717D40900E064B0 /* Sources */ = {
			isa = PBXSourcesBuildPhase;
			buildActionMask = 2147483647;
			files = (
				568139232717D40900E064B0 /* main.cpp in Sources */,
			);
			runOnlyForDeploymentPostprocessing = 0;
		};
/* End PBXSourcesBuildPhase section */

/* Begin XCBuildConfiguration section */
		568139242717D40900E064B0 /* Debug */ = {
			isa = XCBuildConfiguration;
			buildSettings = {
				ALWAYS_SEARCH_USER_PATHS = NO;
				CLANG_ANALYZER_NONNULL = YES;
				CLANG_ANALYZER_NUMBER_OBJECT_CONVERSION = YES_AGGRESSIVE;
				CLANG_CXX_LANGUAGE_STANDARD = "gnu++17";
				CLANG_CXX_LIBRARY = "libc++";
				CLANG_ENABLE_MODULES = YES;
				CLANG_ENABLE_OBJC_ARC = YES;
				CLANG_ENABLE_OBJC_WEAK = YES;
				CLANG_WARN_BLOCK_CAPTURE_AUTORELEASING = YES;
				CLANG_WARN_BOOL_CONVERSION = YES;
				CLANG_WARN_COMMA = YES;
				CLANG_WARN_CONSTANT_CONVERSION = YES;
				CLANG_WARN_DEPRECATED_OBJC_IMPLEMENTATIONS = YES;
				CLANG_WARN_DIRECT_OBJC_ISA_USAGE = YES_ERROR;
				CLANG_WARN_DOCUMENTATION_COMMENTS = YES;
				CLANG_WARN_EMPTY_BODY = YES;
				CLANG_WARN_ENUM_CONVERSION = YES;
				CLANG_WARN_INFINITE_RECURSION = YES;
				CLANG_WARN_INT_CONVERSION = YES;
				CLANG_WARN_NON_LITERAL_NULL_CONVERSION = YES;
				CLANG_WARN_OBJC_IMPLICIT_RETAIN_SELF = YES;
				CLANG_WARN_OBJC_LITERAL_CONVERSION = YES;
				CLANG_WARN_OBJC_ROOT_CLASS = YES_ERROR;
				CLANG_WARN_QUOTED_INCLUDE_IN_FRAMEWORK_HEADER = YES;
				CLANG_WARN_RANGE_LOOP_ANALYSIS = YES;
				CLANG_WARN_STRICT_PROTOTYPES = YES;
				CLANG_WARN_SUSPICIOUS_MOVE = YES;
				CLANG_WARN_UNGUARDED_AVAILABILITY = YES_AGGRESSIVE;
				CLANG_WARN_UNREACHABLE_CODE = YES;
				CLANG_WARN__DUPLICATE_METHOD_MATCH = YES;
				COPY_PHASE_STRIP = NO;
				DEBUG_INFORMATION_FORMAT = dwarf;
				ENABLE_STRICT_OBJC_MSGSEND = YES;
				ENABLE_TESTABILITY = YES;
				GCC_C_LANGUAGE_STANDARD = gnu11;
				GCC_DYNAMIC_NO_PIC = NO;
				GCC_NO_COMMON_BLOCKS = YES;
				GCC_OPTIMIZATION_LEVEL = 0;
				GCC_PREPROCESSOR_DEFINITIONS = (
					"DEBUG=1",
					"$(inherited)",
				);
				GCC_WARN_64_TO_32_BIT_CONVERSION = YES;
				GCC_WARN_ABOUT_RETURN_TYPE = YES_ERROR;
				GCC_WARN_UNDECLARED_SELECTOR = YES;
				GCC_WARN_UNINITIALIZED_AUTOS = YES_AGGRESSIVE;
				GCC_WARN_UNUSED_FUNCTION = YES;
				GCC_WARN_UNUSED_VARIABLE = YES;
				MACOSX_DEPLOYMENT_TARGET = 11.3;
				MTL_ENABLE_DEBUG_INFO = INCLUDE_SOURCE;
				MTL_FAST_MATH = YES;
				ONLY_ACTIVE_ARCH = YES;
				SDKROOT = macosx;
			};
			name = Debug;
		};
		568139252717D40900E064B0 /* Release */ = {
			isa = XCBuildConfiguration;
			buildSettings = {
				ALWAYS_SEARCH_USER_PATHS = NO;
				CLANG_ANALYZER_NONNULL = YES;
				CLANG_ANALYZER_NUMBER_OBJECT_CONVERSION = YES_AGGRESSIVE;
				CLANG_CXX_LANGUAGE_STANDARD = "gnu++17";
				CLANG_CXX_LIBRARY = "libc++";
				CLANG_ENABLE_MODULES = YES;
				CLANG_ENABLE_OBJC_ARC = YES;
				CLANG_ENABLE_OBJC_WEAK = YES;
				CLANG_WARN_BLOCK_CAPTURE_AUTORELEASING = YES;
				CLANG_WARN_BOOL_CONVERSION = YES;
				CLANG_WARN_COMMA = YES;
				CLANG_WARN_CONSTANT_CONVERSION = YES;
				CLANG_WARN_DEPRECATED_OBJC_IMPLEMENTATIONS = YES;
				CLANG_WARN_DIRECT_OBJC_ISA_USAGE = YES_ERROR;
				CLANG_WARN_DOCUMENTATION_COMMENTS = YES;
				CLANG_WARN_EMPTY_BODY = YES;
				CLANG_WARN_ENUM_CONVERSION = YES;
				CLANG_WARN_INFINITE_RECURSION = YES;
				CLANG_WARN_INT_CONVERSION = YES;
				CLANG_WARN_NON_LITERAL_NULL_CONVERSION = YES;
				CLANG_WARN_OBJC_IMPLICIT_RETAIN_SELF = YES;
				CLANG_WARN_OBJC_LITERAL_CONVERSION = YES;
				CLANG_WARN_OBJC_ROOT_CLASS = YES_ERROR;
				CLANG_WARN_QUOTED_INCLUDE_IN_FRAMEWORK_HEADER = YES;
				CLANG_WARN_RANGE_LOOP_ANALYSIS = YES;
				CLANG_WARN_STRICT_PROTOTYPES = YES;
				CLANG_WARN_SUSPICIOUS_MOVE = YES;
				CLANG_WARN_UNGUARDED_AVAILABILITY = YES_AGGRESSIVE;
				CLANG_WARN_UNREACHABLE_CODE = YES;
				CLANG_WARN__DUPLICATE_METHOD_MATCH = YES;
				COPY_PHASE_STRIP = NO;
				DEBUG_INFORMATION_FORMAT = "dwarf-with-dsym";
				ENABLE_NS_ASSERTIONS = NO;
				ENABLE_STRICT_OBJC_MSGSEND = YES;
				GCC_C_LANGUAGE_STANDARD = gnu11;
				GCC_NO_COMMON_BLOCKS = YES;
				GCC_WARN_64_TO_32_BIT_CONVERSION = YES;
				GCC_WARN_ABOUT_RETURN_TYPE = YES_ERROR;
				GCC_WARN_UNDECLARED_SELECTOR = YES;
				GCC_WARN_UNINITIALIZED_AUTOS = YES_AGGRESSIVE;
				GCC_WARN_UNUSED_FUNCTION = YES;
				GCC_WARN_UNUSED_VARIABLE = YES;
				MACOSX_DEPLOYMENT_TARGET = 11.3;
				MTL_ENABLE_DEBUG_INFO = NO;
				MTL_FAST_MATH = YES;
				SDKROOT = macosx;
			};
			name = Release;
		};
		568139272717D40900E064B0 /* Debug */ = {
			isa = XCBuildConfiguration;
			buildSettings = {
				CODE_SIGN_STYLE = Automatic;
				PRODUCT_NAME = "$(TARGET_NAME)";
			};
			name = Debug;
		};
		568139282717D40900E064B0 /* Release */ = {
			isa = XCBuildConfiguration;
			buildSettings = {
				CODE_SIGN_STYLE = Automatic;
				PRODUCT_NAME = "$(TARGET_NAME)";
			};
			name = Release;
		};
/* End XCBuildConfiguration section */

/* Begin XCConfigurationList section */
		5681391A2717D40900E064B0 /* Build configuration list for PBXProject "eigen-sandbox" */ = {
			isa = XCConfigurationList;
			buildConfigurations = (
				568139242717D40900E064B0 /* Debug */,
				568139252717D40900E064B0 /* Release */,
			);
			defaultConfigurationIsVisible = 0;
			defaultConfigurationName = Release;
		};
		568139262717D40900E064B0 /* Build configuration list for PBXNativeTarget "eigen-sandbox" */ = {
			isa = XCConfigurationList;
			buildConfigurations = (
				568139272717D40900E064B0 /* Debug */,
				568139282717D40900E064B0 /* Release */,
			);
			defaultConfigurationIsVisible = 0;
			defaultConfigurationName = Release;
		};
/* End XCConfigurationList section */
	};
	rootObject = 568139172717D40900E064B0 /* Project object */;
}
